
Microsoft Visual Studio Solution File, Format Version 12.00
# Visual Studio Version 17
VisualStudioVersion = 17.3.32922.545
MinimumVisualStudioVersion = 10.0.40219.1
Project("{FAE04EC0-301F-11D3-BF4B-00C04F79EFBC}") = "MoveYourBum.UWP", "MoveYourBum.UWP\MoveYourBum.UWP.csproj", "{8FA85C5D-6731-47D1-B52F-843C4871330D}"
EndProject
Project("{FAE04EC0-301F-11D3-BF4B-00C04F79EFBC}") = "MoveYourBum.Android", "MoveYourBum.Android\MoveYourBum.Android.csproj", "{6D2696ED-8C82-4F24-8711-369AE4DC1082}"
EndProject
Project("{FAE04EC0-301F-11D3-BF4B-00C04F79EFBC}") = "MoveYourBum.iOS", "MoveYourBum.iOS\MoveYourBum.iOS.csproj", "{B404D85A-3395-47B6-9F71-E49B73F98B2A}"
EndProject
Project("{FAE04EC0-301F-11D3-BF4B-00C04F79EFBC}") = "MoveYourBum", "MoveYourBum\MoveYourBum.csproj", "{D8994FC7-47A2-4731-A252-A7CD797DDBD6}"
EndProject
Global
	GlobalSection(SolutionConfigurationPlatforms) = preSolution
		Debug|Any CPU = Debug|Any CPU
		Debug|ARM = Debug|ARM
		Debug|iPhone = Debug|iPhone
		Debug|iPhoneSimulator = Debug|iPhoneSimulator
		Debug|x64 = Debug|x64
		Debug|x86 = Debug|x86
		Release|Any CPU = Release|Any CPU
		Release|ARM = Release|ARM
		Release|iPhone = Release|iPhone
		Release|iPhoneSimulator = Release|iPhoneSimulator
		Release|x64 = Release|x64
		Release|x86 = Release|x86
	EndGlobalSection
	GlobalSection(ProjectConfigurationPlatforms) = postSolution
		{8FA85C5D-6731-47D1-B52F-843C4871330D}.Debug|Any CPU.ActiveCfg = Debug|x64
		{8FA85C5D-6731-47D1-B52F-843C4871330D}.Debug|Any CPU.Build.0 = Debug|x64
		{8FA85C5D-6731-47D1-B52F-843C4871330D}.Debug|Any CPU.Deploy.0 = Debug|x64
		{8FA85C5D-6731-47D1-B52F-843C4871330D}.Debug|ARM.ActiveCfg = Debug|ARM
		{8FA85C5D-6731-47D1-B52F-843C4871330D}.Debug|ARM.Build.0 = Debug|ARM
		{8FA85C5D-6731-47D1-B52F-843C4871330D}.Debug|ARM.Deploy.0 = Debug|ARM
		{8FA85C5D-6731-47D1-B52F-843C4871330D}.Debug|iPhone.ActiveCfg = Debug|x64
		{8FA85C5D-6731-47D1-B52F-843C4871330D}.Debug|iPhone.Build.0 = Debug|x64
		{8FA85C5D-6731-47D1-B52F-843C4871330D}.Debug|iPhone.Deploy.0 = Debug|x64
		{8FA85C5D-6731-47D1-B52F-843C4871330D}.Debug|iPhoneSimulator.ActiveCfg = Debug|x64
		{8FA85C5D-6731-47D1-B52F-843C4871330D}.Debug|iPhoneSimulator.Build.0 = Debug|x64
		{8FA85C5D-6731-47D1-B52F-843C4871330D}.Debug|iPhoneSimulator.Deploy.0 = Debug|x64
		{8FA85C5D-6731-47D1-B52F-843C4871330D}.Debug|x64.ActiveCfg = Debug|x64
		{8FA85C5D-6731-47D1-B52F-843C4871330D}.Debug|x64.Build.0 = Debug|x64
		{8FA85C5D-6731-47D1-B52F-843C4871330D}.Debug|x64.Deploy.0 = Debug|x64
		{8FA85C5D-6731-47D1-B52F-843C4871330D}.Debug|x86.ActiveCfg = Debug|x86
		{8FA85C5D-6731-47D1-B52F-843C4871330D}.Debug|x86.Build.0 = Debug|x86
		{8FA85C5D-6731-47D1-B52F-843C4871330D}.Debug|x86.Deploy.0 = Debug|x86
		{8FA85C5D-6731-47D1-B52F-843C4871330D}.Release|Any CPU.ActiveCfg = Release|x64
		{8FA85C5D-6731-47D1-B52F-843C4871330D}.Release|Any CPU.Build.0 = Release|x64
		{8FA85C5D-6731-47D1-B52F-843C4871330D}.Release|Any CPU.Deploy.0 = Release|x64
		{8FA85C5D-6731-47D1-B52F-843C4871330D}.Release|ARM.ActiveCfg = Release|ARM
		{8FA85C5D-6731-47D1-B52F-843C4871330D}.Release|ARM.Build.0 = Release|ARM
		{8FA85C5D-6731-47D1-B52F-843C4871330D}.Release|ARM.Deploy.0 = Release|ARM
		{8FA85C5D-6731-47D1-B52F-843C4871330D}.Release|iPhone.ActiveCfg = Release|x64
		{8FA85C5D-6731-47D1-B52F-843C4871330D}.Release|iPhone.Build.0 = Release|x64
		{8FA85C5D-6731-47D1-B52F-843C4871330D}.Release|iPhone.Deploy.0 = Release|x64
		{8FA85C5D-6731-47D1-B52F-843C4871330D}.Release|iPhoneSimulator.ActiveCfg = Release|x64
		{8FA85C5D-6731-47D1-B52F-843C4871330D}.Release|iPhoneSimulator.Build.0 = Release|x64
		{8FA85C5D-6731-47D1-B52F-843C4871330D}.Release|iPhoneSimulator.Deploy.0 = Release|x64
		{8FA85C5D-6731-47D1-B52F-843C4871330D}.Release|x64.ActiveCfg = Release|x64
		{8FA85C5D-6731-47D1-B52F-843C4871330D}.Release|x64.Build.0 = Release|x64
		{8FA85C5D-6731-47D1-B52F-843C4871330D}.Release|x64.Deploy.0 = Release|x64
		{8FA85C5D-6731-47D1-B52F-843C4871330D}.Release|x86.ActiveCfg = Release|x86
		{8FA85C5D-6731-47D1-B52F-843C4871330D}.Release|x86.Build.0 = Release|x86
		{8FA85C5D-6731-47D1-B52F-843C4871330D}.Release|x86.Deploy.0 = Release|x86
		{6D2696ED-8C82-4F24-8711-369AE4DC1082}.Debug|Any CPU.ActiveCfg = Debug|Any CPU
		{6D2696ED-8C82-4F24-8711-369AE4DC1082}.Debug|Any CPU.Build.0 = Debug|Any CPU
		{6D2696ED-8C82-4F24-8711-369AE4DC1082}.Debug|Any CPU.Deploy.0 = Debug|Any CPU
		{6D2696ED-8C82-4F24-8711-369AE4DC1082}.Debug|ARM.ActiveCfg = Debug|Any CPU
		{6D2696ED-8C82-4F24-8711-369AE4DC1082}.Debug|ARM.Build.0 = Debug|Any CPU
		{6D2696ED-8C82-4F24-8711-369AE4DC1082}.Debug|ARM.Deploy.0 = Debug|Any CPU
		{6D2696ED-8C82-4F24-8711-369AE4DC1082}.Debug|iPhone.ActiveCfg = Debug|Any CPU
		{6D2696ED-8C82-4F24-8711-369AE4DC1082}.Debug|iPhone.Build.0 = Debug|Any CPU
		{6D2696ED-8C82-4F24-8711-369AE4DC1082}.Debug|iPhone.Deploy.0 = Debug|Any CPU
		{6D2696ED-8C82-4F24-8711-369AE4DC1082}.Debug|iPhoneSimulator.ActiveCfg = Debug|Any CPU
		{6D2696ED-8C82-4F24-8711-369AE4DC1082}.Debug|iPhoneSimulator.Build.0 = Debug|Any CPU
		{6D2696ED-8C82-4F24-8711-369AE4DC1082}.Debug|iPhoneSimulator.Deploy.0 = Debug|Any CPU
		{6D2696ED-8C82-4F24-8711-369AE4DC1082}.Debug|x64.ActiveCfg = Debug|Any CPU
		{6D2696ED-8C82-4F24-8711-369AE4DC1082}.Debug|x64.Build.0 = Debug|Any CPU
		{6D2696ED-8C82-4F24-8711-369AE4DC1082}.Debug|x64.Deploy.0 = Debug|Any CPU
		{6D2696ED-8C82-4F24-8711-369AE4DC1082}.Debug|x86.ActiveCfg = Debug|Any CPU
		{6D2696ED-8C82-4F24-8711-369AE4DC1082}.Debug|x86.Build.0 = Debug|Any CPU
		{6D2696ED-8C82-4F24-8711-369AE4DC1082}.Debug|x86.Deploy.0 = Debug|Any CPU
		{6D2696ED-8C82-4F24-8711-369AE4DC1082}.Release|Any CPU.ActiveCfg = Release|Any CPU
		{6D2696ED-8C82-4F24-8711-369AE4DC1082}.Release|Any CPU.Build.0 = Release|Any CPU
		{6D2696ED-8C82-4F24-8711-369AE4DC1082}.Release|Any CPU.Deploy.0 = Release|Any CPU
		{6D2696ED-8C82-4F24-8711-369AE4DC1082}.Release|ARM.ActiveCfg = Release|Any CPU
		{6D2696ED-8C82-4F24-8711-369AE4DC1082}.Release|ARM.Build.0 = Release|Any CPU
		{6D2696ED-8C82-4F24-8711-369AE4DC1082}.Release|ARM.Deploy.0 = Release|Any CPU
		{6D2696ED-8C82-4F24-8711-369AE4DC1082}.Release|iPhone.ActiveCfg = Release|Any CPU
		{6D2696ED-8C82-4F24-8711-369AE4DC1082}.Release|iPhone.Build.0 = Release|Any CPU
		{6D2696ED-8C82-4F24-8711-369AE4DC1082}.Release|iPhone.Deploy.0 = Release|Any CPU
		{6D2696ED-8C82-4F24-8711-369AE4DC1082}.Release|iPhoneSimulator.ActiveCfg = Release|Any CPU
		{6D2696ED-8C82-4F24-8711-369AE4DC1082}.Release|iPhoneSimulator.Build.0 = Release|Any CPU
		{6D2696ED-8C82-4F24-8711-369AE4DC1082}.Release|iPhoneSimulator.Deploy.0 = Release|Any CPU
		{6D2696ED-8C82-4F24-8711-369AE4DC1082}.Release|x64.ActiveCfg = Release|Any CPU
		{6D2696ED-8C82-4F24-8711-369AE4DC1082}.Release|x64.Build.0 = Release|Any CPU
		{6D2696ED-8C82-4F24-8711-369AE4DC1082}.Release|x64.Deploy.0 = Release|Any CPU
		{6D2696ED-8C82-4F24-8711-369AE4DC1082}.Release|x86.ActiveCfg = Release|Any CPU
		{6D2696ED-8C82-4F24-8711-369AE4DC1082}.Release|x86.Build.0 = Release|Any CPU
		{6D2696ED-8C82-4F24-8711-369AE4DC1082}.Release|x86.Deploy.0 = Release|Any CPU
		{B404D85A-3395-47B6-9F71-E49B73F98B2A}.Debug|Any CPU.ActiveCfg = Debug|iPhoneSimulator
		{B404D85A-3395-47B6-9F71-E49B73F98B2A}.Debug|Any CPU.Build.0 = Debug|iPhoneSimulator
		{B404D85A-3395-47B6-9F71-E49B73F98B2A}.Debug|Any CPU.Deploy.0 = Debug|iPhoneSimulator
		{B404D85A-3395-47B6-9F71-E49B73F98B2A}.Debug|ARM.ActiveCfg = Debug|iPhoneSimulator
		{B404D85A-3395-47B6-9F71-E49B73F98B2A}.Debug|ARM.Build.0 = Debug|iPhoneSimulator
		{B404D85A-3395-47B6-9F71-E49B73F98B2A}.Debug|ARM.Deploy.0 = Debug|iPhoneSimulator
		{B404D85A-3395-47B6-9F71-E49B73F98B2A}.Debug|iPhone.ActiveCfg = Debug|iPhone
		{B404D85A-3395-47B6-9F71-E49B73F98B2A}.Debug|iPhone.Build.0 = Debug|iPhone
		{B404D85A-3395-47B6-9F71-E49B73F98B2A}.Debug|iPhone.Deploy.0 = Debug|iPhone
		{B404D85A-3395-47B6-9F71-E49B73F98B2A}.Debug|iPhoneSimulator.ActiveCfg = Debug|iPhoneSimulator
		{B404D85A-3395-47B6-9F71-E49B73F98B2A}.Debug|iPhoneSimulator.Build.0 = Debug|iPhoneSimulator
		{B404D85A-3395-47B6-9F71-E49B73F98B2A}.Debug|iPhoneSimulator.Deploy.0 = Debug|iPhoneSimulator
		{B404D85A-3395-47B6-9F71-E49B73F98B2A}.Debug|x64.ActiveCfg = Debug|iPhone
		{B404D85A-3395-47B6-9F71-E49B73F98B2A}.Debug|x64.Build.0 = Debug|iPhone
		{B404D85A-3395-47B6-9F71-E49B73F98B2A}.Debug|x64.Deploy.0 = Debug|iPhone
		{B404D85A-3395-47B6-9F71-E49B73F98B2A}.Debug|x86.ActiveCfg = Debug|iPhoneSimulator
		{B404D85A-3395-47B6-9F71-E49B73F98B2A}.Debug|x86.Build.0 = Debug|iPhoneSimulator
		{B404D85A-3395-47B6-9F71-E49B73F98B2A}.Debug|x86.Deploy.0 = Debug|iPhoneSimulator
		{B404D85A-3395-47B6-9F71-E49B73F98B2A}.Release|Any CPU.ActiveCfg = Release|iPhoneSimulator
		{B404D85A-3395-47B6-9F71-E49B73F98B2A}.Release|Any CPU.Build.0 = Release|iPhoneSimulator
		{B404D85A-3395-47B6-9F71-E49B73F98B2A}.Release|Any CPU.Deploy.0 = Release|iPhoneSimulator
		{B404D85A-3395-47B6-9F71-E49B73F98B2A}.Release|ARM.ActiveCfg = Release|iPhoneSimulator
		{B404D85A-3395-47B6-9F71-E49B73F98B2A}.Release|ARM.Build.0 = Release|iPhoneSimulator
		{B404D85A-3395-47B6-9F71-E49B73F98B2A}.Release|ARM.Deploy.0 = Release|iPhoneSimulator
		{B404D85A-3395-47B6-9F71-E49B73F98B2A}.Release|iPhone.ActiveCfg = Release|iPhone
		{B404D85A-3395-47B6-9F71-E49B73F98B2A}.Release|iPhone.Build.0 = Release|iPhone
		{B404D85A-3395-47B6-9F71-E49B73F98B2A}.Release|iPhone.Deploy.0 = Release|iPhone
		{B404D85A-3395-47B6-9F71-E49B73F98B2A}.Release|iPhoneSimulator.ActiveCfg = Release|iPhoneSimulator
		{B404D85A-3395-47B6-9F71-E49B73F98B2A}.Release|iPhoneSimulator.Build.0 = Release|iPhoneSimulator
		{B404D85A-3395-47B6-9F71-E49B73F98B2A}.Release|iPhoneSimulator.Deploy.0 = Release|iPhoneSimulator
		{B404D85A-3395-47B6-9F71-E49B73F98B2A}.Release|x64.ActiveCfg = Release|iPhoneSimulator
		{B404D85A-3395-47B6-9F71-E49B73F98B2A}.Release|x64.Build.0 = Release|iPhoneSimulator
		{B404D85A-3395-47B6-9F71-E49B73F98B2A}.Release|x64.Deploy.0 = Release|iPhoneSimulator
		{B404D85A-3395-47B6-9F71-E49B73F98B2A}.Release|x86.ActiveCfg = Release|iPhoneSimulator
		{B404D85A-3395-47B6-9F71-E49B73F98B2A}.Release|x86.Build.0 = Release|iPhoneSimulator
		{B404D85A-3395-47B6-9F71-E49B73F98B2A}.Release|x86.Deploy.0 = Release|iPhoneSimulator
		{D8994FC7-47A2-4731-A252-A7CD797DDBD6}.Debug|Any CPU.ActiveCfg = Debug|Any CPU
		{D8994FC7-47A2-4731-A252-A7CD797DDBD6}.Debug|Any CPU.Build.0 = Debug|Any CPU
		{D8994FC7-47A2-4731-A252-A7CD797DDBD6}.Debug|Any CPU.Deploy.0 = Debug|Any CPU
		{D8994FC7-47A2-4731-A252-A7CD797DDBD6}.Debug|ARM.ActiveCfg = Debug|Any CPU
		{D8994FC7-47A2-4731-A252-A7CD797DDBD6}.Debug|ARM.Build.0 = Debug|Any CPU
		{D8994FC7-47A2-4731-A252-A7CD797DDBD6}.Debug|ARM.Deploy.0 = Debug|Any CPU
		{D8994FC7-47A2-4731-A252-A7CD797DDBD6}.Debug|iPhone.ActiveCfg = Debug|Any CPU
		{D8994FC7-47A2-4731-A252-A7CD797DDBD6}.Debug|iPhone.Build.0 = Debug|Any CPU
		{D8994FC7-47A2-4731-A252-A7CD797DDBD6}.Debug|iPhone.Deploy.0 = Debug|Any CPU
		{D8994FC7-47A2-4731-A252-A7CD797DDBD6}.Debug|iPhoneSimulator.ActiveCfg = Debug|Any CPU
		{D8994FC7-47A2-4731-A252-A7CD797DDBD6}.Debug|iPhoneSimulator.Build.0 = Debug|Any CPU
		{D8994FC7-47A2-4731-A252-A7CD797DDBD6}.Debug|iPhoneSimulator.Deploy.0 = Debug|Any CPU
		{D8994FC7-47A2-4731-A252-A7CD797DDBD6}.Debug|x64.ActiveCfg = Debug|Any CPU
		{D8994FC7-47A2-4731-A252-A7CD797DDBD6}.Debug|x64.Build.0 = Debug|Any CPU
		{D8994FC7-47A2-4731-A252-A7CD797DDBD6}.Debug|x64.Deploy.0 = Debug|Any CPU
		{D8994FC7-47A2-4731-A252-A7CD797DDBD6}.Debug|x86.ActiveCfg = Debug|Any CPU
		{D8994FC7-47A2-4731-A252-A7CD797DDBD6}.Debug|x86.Build.0 = Debug|Any CPU
		{D8994FC7-47A2-4731-A252-A7CD797DDBD6}.Debug|x86.Deploy.0 = Debug|Any CPU
		{D8994FC7-47A2-4731-A252-A7CD797DDBD6}.Release|Any CPU.ActiveCfg = Release|Any CPU
		{D8994FC7-47A2-4731-A252-A7CD797DDBD6}.Release|Any CPU.Build.0 = Release|Any CPU
		{D8994FC7-47A2-4731-A252-A7CD797DDBD6}.Release|Any CPU.Deploy.0 = Release|Any CPU
		{D8994FC7-47A2-4731-A252-A7CD797DDBD6}.Release|ARM.ActiveCfg = Release|Any CPU
		{D8994FC7-47A2-4731-A252-A7CD797DDBD6}.Release|ARM.Build.0 = Release|Any CPU
		{D8994FC7-47A2-4731-A252-A7CD797DDBD6}.Release|ARM.Deploy.0 = Release|Any CPU
		{D8994FC7-47A2-4731-A252-A7CD797DDBD6}.Release|iPhone.ActiveCfg = Release|Any CPU
		{D8994FC7-47A2-4731-A252-A7CD797DDBD6}.Release|iPhone.Build.0 = Release|Any CPU
		{D8994FC7-47A2-4731-A252-A7CD797DDBD6}.Release|iPhone.Deploy.0 = Release|Any CPU
		{D8994FC7-47A2-4731-A252-A7CD797DDBD6}.Release|iPhoneSimulator.ActiveCfg = Release|Any CPU
		{D8994FC7-47A2-4731-A252-A7CD797DDBD6}.Release|iPhoneSimulator.Build.0 = Release|Any CPU
		{D8994FC7-47A2-4731-A252-A7CD797DDBD6}.Release|iPhoneSimulator.Deploy.0 = Release|Any CPU
		{D8994FC7-47A2-4731-A252-A7CD797DDBD6}.Release|x64.ActiveCfg = Release|Any CPU
		{D8994FC7-47A2-4731-A252-A7CD797DDBD6}.Release|x64.Build.0 = Release|Any CPU
		{D8994FC7-47A2-4731-A252-A7CD797DDBD6}.Release|x64.Deploy.0 = Release|Any CPU
		{D8994FC7-47A2-4731-A252-A7CD797DDBD6}.Release|x86.ActiveCfg = Release|Any CPU
		{D8994FC7-47A2-4731-A252-A7CD797DDBD6}.Release|x86.Build.0 = Release|Any CPU
		{D8994FC7-47A2-4731-A252-A7CD797DDBD6}.Release|x86.Deploy.0 = Release|Any CPU
	EndGlobalSection
	GlobalSection(SolutionProperties) = preSolution
		HideSolutionNode = FALSE
	EndGlobalSection
	GlobalSection(ExtensibilityGlobals) = postSolution
		SolutionGuid = {E571FE8D-E8AB-47AB-9763-F86EFB388715}
	EndGlobalSection
EndGlobal
